
Microsoft Visual Studio Solution File, Format Version 12.00
# Visual Studio Version 16
VisualStudioVersion = 16.0.31321.278
MinimumVisualStudioVersion = 10.0.40219.1
Project("{FAE04EC0-301F-11D3-BF4B-00C04F79EFBC}") = "LINQBasic", "LINQBasic\LINQBasic.csproj", "{3AB0EF00-CB03-480D-BC9B-D41AFA8D0AFC}"
EndProject
Global
	GlobalSection(SolutionConfigurationPlatforms) = preSolution
		Debug|Any CPU = Debug|Any CPU
		Release|Any CPU = Release|Any CPU
	EndGlobalSection
	GlobalSection(ProjectConfigurationPlatforms) = postSolution
		{3AB0EF00-CB03-480D-BC9B-D41AFA8D0AFC}.Debug|Any CPU.ActiveCfg = Debug|Any CPU
		{3AB0EF00-CB03-480D-BC9B-D41AFA8D0AFC}.Debug|Any CPU.Build.0 = Debug|Any CPU
		{3AB0EF00-CB03-480D-BC9B-D41AFA8D0AFC}.Release|Any CPU.ActiveCfg = Release|Any CPU
		{3AB0EF00-CB03-480D-BC9B-D41AFA8D0AFC}.Release|Any CPU.Build.0 = Release|Any CPU
	EndGlobalSection
	GlobalSection(SolutionProperties) = preSolution
		HideSolutionNode = FALSE
	EndGlobalSection
	GlobalSection(ExtensibilityGlobals) = postSolution
		SolutionGuid = {C5EBE86C-A021-4682-903E-CA0446BEE71D}
	EndGlobalSection
EndGlobal
